PODS:
  - cc_avenue_plugin (0.0.1):
    - Flutter
  - Flutter (1.0.0)

DEPENDENCIES:
  - cc_avenue_plugin (from `.symlinks/plugins/cc_avenue_plugin/ios`)
  - Flutter (from `Flutter`)

EXTERNAL SOURCES:
  cc_avenue_plugin:
    :path: ".symlinks/plugins/cc_avenue_plugin/ios"
  Flutter:
    :path: Flutter

SPEC CHECKSUMS:
  cc_avenue_plugin: a1618162cd2f2a9621579325497c4658e5b503c8
  Flutter: 434fef37c0980e73bb6479ef766c45957d4b510c

PODFILE CHECKSUM: aafe91acc616949ddb318b77800a7f51bffa2a4c

COCOAPODS: 1.10.1
